# THIS IS AN AUTOGENERATED FILE. DO NOT EDIT THIS FILE DIRECTLY.
assets/bootstrap.min.css:
  development: 2018-08-16T21:52:52-04:00   3cce54b1cc1c7959938d7791c1f6a325
assets/bootstrap.min.js:
  development: 2018-08-16T21:52:58-04:00   caedeb8fcbedf93a76f5d7f50c165efd
assets/jquery-3.1.1.min.js:
  development: 2018-08-16T21:53:04-04:00   e071abda8fe61194711cfc2ab99fe104
assets/styles.css.liquid:
  development: 2018-08-16T22:04:49-04:00   e425dbea5db83d82f196861700c9be4f
layout/theme.liquid:
  development: 2018-08-16T23:20:11-04:00   abe557f1e4a109f61a40403bda4c8355
sections/footer.liquid:
  development: 2018-08-16T23:29:46-04:00   83438534ca4db745b16a89c555261808
sections/header.liquid:
  development: 2018-08-16T23:29:34-04:00   e4938dc17a26b4825682aa1a3a8970ba
snippets/footer-block-link-list.liquid:
  development: 2018-08-16T23:23:06-04:00   a6eeb3c81e51c43335545fd72eab388c
snippets/footer-block-payment-icons.liquid:
  development: 2018-08-16T23:23:35-04:00   1176efae4d2fb5aabbac08438ef58e33
