# THIS IS AN AUTOGENERATED FILE. DO NOT EDIT THIS FILE DIRECTLY.
assets/bootstrap.min.css:
  development: 2018-08-16T21:52:52-04:00   3cce54b1cc1c7959938d7791c1f6a325
assets/bootstrap.min.js:
  development: 2018-08-16T21:52:58-04:00   caedeb8fcbedf93a76f5d7f50c165efd
assets/jquery-3.1.1.min.js:
  development: 2018-08-16T21:53:04-04:00   e071abda8fe61194711cfc2ab99fe104
assets/styles.css.liquid:
  development: 2018-08-16T22:04:49-04:00   e425dbea5db83d82f196861700c9be4f
layout/theme.liquid:
  development: 2018-08-16T21:51:47-04:00   1f6fb825bc605c6c3ed8fd87e525a2fe
sections/header.liquid:
  development: 2018-08-16T22:43:12-04:00   5cc782369d4f0656373c270788dea66d
